{
  "version": 4,
  "terraform_version": "1.5.7",
  "serial": 49,
  "lineage": "e73b64bc-630b-5c21-9d8a-17ca55d79e12",
  "outputs": {
    "artifact_registry_repo": {
      "value": "projects/neat-height-398213/locations/asia-northeast1/repositories/kong",
      "type": "string"
    },
    "ci_service_account_email": {
      "value": "sa-kong-ci@neat-height-398213.iam.gserviceaccount.com",
      "type": "string"
    },
    "network_self_link": {
      "value": "https://www.googleapis.com/compute/v1/projects/neat-height-398213/global/networks/vpc-kong",
      "type": "string"
    },
    "redis_host": {
      "value": "10.225.209.20",
      "type": "string"
    },
    "redis_port": {
      "value": 6379,
      "type": "number"
    },
    "sa_ingest_email": {
      "value": "sa-kong-ingest@neat-height-398213.iam.gserviceaccount.com",
      "type": "string"
    },
    "sa_jobs_email": {
      "value": "sa-kong-jobs@neat-height-398213.iam.gserviceaccount.com",
      "type": "string"
    },
    "sa_web_email": {
      "value": "sa-kong-web@neat-height-398213.iam.gserviceaccount.com",
      "type": "string"
    },
    "subnet_self_link": {
      "value": "https://www.googleapis.com/compute/v1/projects/neat-height-398213/regions/asia-northeast1/subnetworks/subnet-kong",
      "type": "string"
    },
    "vpc_connector_name": {
      "value": "svc-connector-kong",
      "type": "string"
    },
    "wif_pool_name": {
      "value": "projects/766172692933/locations/global/workloadIdentityPools/gh-pool",
      "type": "string"
    },
    "wif_provider_resource_name": {
      "value": "projects/766172692933/locations/global/workloadIdentityPools/gh-pool/providers/gh-provider",
      "type": "string"
    }
  },
  "resources": [
    {
      "mode": "managed",
      "type": "google_artifact_registry_repository",
      "name": "repo",
      "provider": "provider[\"registry.terraform.io/hashicorp/google\"]",
      "instances": [
        {
          "schema_version": 0,
          "attributes": {
            "cleanup_policies": [],
            "cleanup_policy_dry_run": false,
            "create_time": "2025-11-13T06:40:30.398232Z",
            "description": "Kong containers",
            "docker_config": [],
            "effective_labels": {},
            "format": "DOCKER",
            "id": "projects/neat-height-398213/locations/asia-northeast1/repositories/kong",
            "kms_key_name": "",
            "labels": {},
            "location": "asia-northeast1",
            "maven_config": [],
            "mode": "STANDARD_REPOSITORY",
            "name": "kong",
            "project": "neat-height-398213",
            "remote_repository_config": [],
            "repository_id": "kong",
            "terraform_labels": {},
            "timeouts": null,
            "update_time": "2025-11-13T08:04:00.994594Z",
            "virtual_repository_config": []
          },
          "sensitive_attributes": [],
          "private": "eyJlMmJmYjczMC1lY2FhLTExZTYtOGY4OC0zNDM2M2JjN2M0YzAiOnsiY3JlYXRlIjoxMjAwMDAwMDAwMDAwLCJkZWxldGUiOjEyMDAwMDAwMDAwMDAsInVwZGF0ZSI6MTIwMDAwMDAwMDAwMH19",
          "dependencies": [
            "google_project_service.required"
          ]
        }
      ]
    },
    {
      "mode": "managed",
      "type": "google_compute_network",
      "name": "vpc",
      "provider": "provider[\"registry.terraform.io/hashicorp/google\"]",
      "instances": [
        {
          "schema_version": 0,
          "attributes": {
            "auto_create_subnetworks": false,
            "delete_default_routes_on_create": false,
            "description": "",
            "enable_ula_internal_ipv6": false,
            "gateway_ipv4": "",
            "id": "projects/neat-height-398213/global/networks/vpc-kong",
            "internal_ipv6_range": "",
            "mtu": 0,
            "name": "vpc-kong",
            "network_firewall_policy_enforcement_order": "AFTER_CLASSIC_FIREWALL",
            "numeric_id": "6464368581805654962",
            "project": "neat-height-398213",
            "routing_mode": "REGIONAL",
            "self_link": "https://www.googleapis.com/compute/v1/projects/neat-height-398213/global/networks/vpc-kong",
            "timeouts": null
          },
          "sensitive_attributes": [],
          "private": "eyJlMmJmYjczMC1lY2FhLTExZTYtOGY4OC0zNDM2M2JjN2M0YzAiOnsiY3JlYXRlIjoxMjAwMDAwMDAwMDAwLCJkZWxldGUiOjEyMDAwMDAwMDAwMDAsInVwZGF0ZSI6MTIwMDAwMDAwMDAwMH19",
          "dependencies": [
            "google_project_service.required"
          ]
        }
      ]
    },
    {
      "mode": "managed",
      "type": "google_compute_router",
      "name": "router",
      "provider": "provider[\"registry.terraform.io/hashicorp/google\"]",
      "instances": [
        {
          "schema_version": 0,
          "attributes": {
            "bgp": [],
            "creation_timestamp": "2025-11-13T06:38:09.832-08:00",
            "description": "",
            "encrypted_interconnect_router": false,
            "id": "projects/neat-height-398213/regions/asia-northeast1/routers/router-kong",
            "name": "router-kong",
            "network": "https://www.googleapis.com/compute/v1/projects/neat-height-398213/global/networks/vpc-kong",
            "project": "neat-height-398213",
            "region": "asia-northeast1",
            "self_link": "https://www.googleapis.com/compute/v1/projects/neat-height-398213/regions/asia-northeast1/routers/router-kong",
            "timeouts": null
          },
          "sensitive_attributes": [],
          "private": "eyJlMmJmYjczMC1lY2FhLTExZTYtOGY4OC0zNDM2M2JjN2M0YzAiOnsiY3JlYXRlIjoxMjAwMDAwMDAwMDAwLCJkZWxldGUiOjEyMDAwMDAwMDAwMDAsInVwZGF0ZSI6MTIwMDAwMDAwMDAwMH19",
          "dependencies": [
            "google_compute_network.vpc",
            "google_project_service.required"
          ]
        }
      ]
    },
    {
      "mode": "managed",
      "type": "google_compute_router_nat",
      "name": "nat",
      "provider": "provider[\"registry.terraform.io/hashicorp/google\"]",
      "instances": [
        {
          "schema_version": 0,
          "attributes": {
            "auto_network_tier": "PREMIUM",
            "drain_nat_ips": null,
            "enable_dynamic_port_allocation": false,
            "enable_endpoint_independent_mapping": false,
            "endpoint_types": [
              "ENDPOINT_TYPE_VM"
            ],
            "icmp_idle_timeout_sec": 30,
            "id": "neat-height-398213/asia-northeast1/router-kong/nat-kong",
            "log_config": [
              {
                "enable": true,
                "filter": "ERRORS_ONLY"
              }
            ],
            "max_ports_per_vm": 0,
            "min_ports_per_vm": 0,
            "name": "nat-kong",
            "nat_ip_allocate_option": "AUTO_ONLY",
            "nat_ips": null,
            "project": "neat-height-398213",
            "region": "asia-northeast1",
            "router": "router-kong",
            "rules": [],
            "source_subnetwork_ip_ranges_to_nat": "ALL_SUBNETWORKS_ALL_IP_RANGES",
            "subnetwork": [],
            "tcp_established_idle_timeout_sec": 1200,
            "tcp_time_wait_timeout_sec": 120,
            "tcp_transitory_idle_timeout_sec": 30,
            "timeouts": null,
            "udp_idle_timeout_sec": 30
          },
          "sensitive_attributes": [],
          "private": "eyJlMmJmYjczMC1lY2FhLTExZTYtOGY4OC0zNDM2M2JjN2M0YzAiOnsiY3JlYXRlIjoxMjAwMDAwMDAwMDAwLCJkZWxldGUiOjEyMDAwMDAwMDAwMDAsInVwZGF0ZSI6MTIwMDAwMDAwMDAwMH19",
          "dependencies": [
            "google_compute_network.vpc",
            "google_compute_router.router",
            "google_project_service.required"
          ]
        }
      ]
    },
    {
      "mode": "managed",
      "type": "google_compute_subnetwork",
      "name": "subnet",
      "provider": "provider[\"registry.terraform.io/hashicorp/google\"]",
      "instances": [
        {
          "schema_version": 0,
          "attributes": {
            "creation_timestamp": "2025-11-12T22:41:01.520-08:00",
            "description": "",
            "external_ipv6_prefix": "",
            "fingerprint": null,
            "gateway_address": "10.10.0.1",
            "id": "projects/neat-height-398213/regions/asia-northeast1/subnetworks/subnet-kong",
            "internal_ipv6_prefix": "",
            "ip_cidr_range": "10.10.0.0/20",
            "ipv6_access_type": "",
            "ipv6_cidr_range": "",
            "log_config": [],
            "name": "subnet-kong",
            "network": "https://www.googleapis.com/compute/v1/projects/neat-height-398213/global/networks/vpc-kong",
            "private_ip_google_access": true,
            "private_ipv6_google_access": "DISABLE_GOOGLE_ACCESS",
            "project": "neat-height-398213",
            "purpose": "PRIVATE",
            "region": "asia-northeast1",
            "role": "",
            "secondary_ip_range": [],
            "self_link": "https://www.googleapis.com/compute/v1/projects/neat-height-398213/regions/asia-northeast1/subnetworks/subnet-kong",
            "send_secondary_ip_range_if_empty": null,
            "stack_type": "IPV4_ONLY",
            "timeouts": null
          },
          "sensitive_attributes": [],
          "private": "eyJlMmJmYjczMC1lY2FhLTExZTYtOGY4OC0zNDM2M2JjN2M0YzAiOnsiY3JlYXRlIjoxMjAwMDAwMDAwMDAwLCJkZWxldGUiOjEyMDAwMDAwMDAwMDAsInVwZGF0ZSI6MTIwMDAwMDAwMDAwMH19",
          "dependencies": [
            "google_compute_network.vpc"
          ]
        }
      ]
    },
    {
      "mode": "managed",
      "type": "google_iam_workload_identity_pool",
      "name": "pool",
      "provider": "provider[\"registry.terraform.io/hashicorp/google\"]",
      "instances": [
        {
          "schema_version": 0,
          "attributes": {
            "description": "OIDC trust for GitHub Actions",
            "disabled": false,
            "display_name": "GitHub Actions Pool",
            "id": "projects/neat-height-398213/locations/global/workloadIdentityPools/gh-pool",
            "name": "projects/766172692933/locations/global/workloadIdentityPools/gh-pool",
            "project": "neat-height-398213",
            "state": "ACTIVE",
            "timeouts": null,
            "workload_identity_pool_id": "gh-pool"
          },
          "sensitive_attributes": [],
          "private": "eyJlMmJmYjczMC1lY2FhLTExZTYtOGY4OC0zNDM2M2JjN2M0YzAiOnsiY3JlYXRlIjoxMjAwMDAwMDAwMDAwLCJkZWxldGUiOjEyMDAwMDAwMDAwMDAsInVwZGF0ZSI6MTIwMDAwMDAwMDAwMH0sInNjaGVtYV92ZXJzaW9uIjoiMCJ9"
        }
      ]
    },
    {
      "mode": "managed",
      "type": "google_iam_workload_identity_pool_provider",
      "name": "provider",
      "provider": "provider[\"registry.terraform.io/hashicorp/google\"]",
      "instances": [
        {
          "schema_version": 0,
          "attributes": {
            "attribute_condition": "attribute.repository==\"Secured-Finance/kong\"",
            "attribute_mapping": {
              "attribute.actor": "assertion.actor",
              "attribute.ref": "assertion.ref",
              "attribute.repository": "assertion.repository",
              "google.subject": "assertion.sub"
            },
            "aws": [],
            "description": "OIDC from token.actions.githubusercontent.com",
            "disabled": false,
            "display_name": "GitHub Actions Provider",
            "id": "projects/neat-height-398213/locations/global/workloadIdentityPools/gh-pool/providers/gh-provider",
            "name": "projects/766172692933/locations/global/workloadIdentityPools/gh-pool/providers/gh-provider",
            "oidc": [
              {
                "allowed_audiences": [],
                "issuer_uri": "https://token.actions.githubusercontent.com",
                "jwks_json": ""
              }
            ],
            "project": "neat-height-398213",
            "saml": [],
            "state": "ACTIVE",
            "timeouts": null,
            "workload_identity_pool_id": "gh-pool",
            "workload_identity_pool_provider_id": "gh-provider"
          },
          "sensitive_attributes": [],
          "private": "eyJlMmJmYjczMC1lY2FhLTExZTYtOGY4OC0zNDM2M2JjN2M0YzAiOnsiY3JlYXRlIjoxMjAwMDAwMDAwMDAwLCJkZWxldGUiOjEyMDAwMDAwMDAwMDAsInVwZGF0ZSI6MTIwMDAwMDAwMDAwMH19",
          "dependencies": [
            "google_iam_workload_identity_pool.pool"
          ]
        }
      ]
    },
    {
      "mode": "managed",
      "type": "google_project_iam_member",
      "name": "ci_bindings",
      "provider": "provider[\"registry.terraform.io/hashicorp/google\"]",
      "instances": [
        {
          "index_key": "roles/artifactregistry.writer",
          "schema_version": 0,
          "attributes": {
            "condition": [],
            "etag": "BwZDdUjvheY=",
            "id": "neat-height-398213/roles/artifactregistry.writer/serviceAccount:sa-kong-ci@neat-height-398213.iam.gserviceaccount.com",
            "member": "serviceAccount:sa-kong-ci@neat-height-398213.iam.gserviceaccount.com",
            "project": "neat-height-398213",
            "role": "roles/artifactregistry.writer"
          },
          "sensitive_attributes": [],
          "private": "bnVsbA==",
          "dependencies": [
            "google_service_account.sa_ci"
          ]
        },
        {
          "index_key": "roles/cloudsql.client",
          "schema_version": 0,
          "attributes": {
            "condition": [],
            "etag": "BwZDdUjvheY=",
            "id": "neat-height-398213/roles/cloudsql.client/serviceAccount:sa-kong-ci@neat-height-398213.iam.gserviceaccount.com",
            "member": "serviceAccount:sa-kong-ci@neat-height-398213.iam.gserviceaccount.com",
            "project": "neat-height-398213",
            "role": "roles/cloudsql.client"
          },
          "sensitive_attributes": [],
          "private": "bnVsbA==",
          "dependencies": [
            "google_service_account.sa_ci"
          ]
        },
        {
          "index_key": "roles/iam.serviceAccountUser",
          "schema_version": 0,
          "attributes": {
            "condition": [],
            "etag": "BwZDdUjvheY=",
            "id": "neat-height-398213/roles/iam.serviceAccountUser/serviceAccount:sa-kong-ci@neat-height-398213.iam.gserviceaccount.com",
            "member": "serviceAccount:sa-kong-ci@neat-height-398213.iam.gserviceaccount.com",
            "project": "neat-height-398213",
            "role": "roles/iam.serviceAccountUser"
          },
          "sensitive_attributes": [],
          "private": "bnVsbA==",
          "dependencies": [
            "google_service_account.sa_ci"
          ]
        },
        {
          "index_key": "roles/run.admin",
          "schema_version": 0,
          "attributes": {
            "condition": [],
            "etag": "BwZDdUjvheY=",
            "id": "neat-height-398213/roles/run.admin/serviceAccount:sa-kong-ci@neat-height-398213.iam.gserviceaccount.com",
            "member": "serviceAccount:sa-kong-ci@neat-height-398213.iam.gserviceaccount.com",
            "project": "neat-height-398213",
            "role": "roles/run.admin"
          },
          "sensitive_attributes": [],
          "private": "bnVsbA==",
          "dependencies": [
            "google_service_account.sa_ci"
          ]
        },
        {
          "index_key": "roles/secretmanager.secretAccessor",
          "schema_version": 0,
          "attributes": {
            "condition": [],
            "etag": "BwZDdUjvheY=",
            "id": "neat-height-398213/roles/secretmanager.secretAccessor/serviceAccount:sa-kong-ci@neat-height-398213.iam.gserviceaccount.com",
            "member": "serviceAccount:sa-kong-ci@neat-height-398213.iam.gserviceaccount.com",
            "project": "neat-height-398213",
            "role": "roles/secretmanager.secretAccessor"
          },
          "sensitive_attributes": [],
          "private": "bnVsbA==",
          "dependencies": [
            "google_service_account.sa_ci"
          ]
        },
        {
          "index_key": "roles/vpcaccess.user",
          "schema_version": 0,
          "attributes": {
            "condition": [],
            "etag": "BwZDdUjvheY=",
            "id": "neat-height-398213/roles/vpcaccess.user/serviceAccount:sa-kong-ci@neat-height-398213.iam.gserviceaccount.com",
            "member": "serviceAccount:sa-kong-ci@neat-height-398213.iam.gserviceaccount.com",
            "project": "neat-height-398213",
            "role": "roles/vpcaccess.user"
          },
          "sensitive_attributes": [],
          "private": "bnVsbA==",
          "dependencies": [
            "google_service_account.sa_ci"
          ]
        }
      ]
    },
    {
      "mode": "managed",
      "type": "google_project_iam_member",
      "name": "sa_ingest_roles",
      "provider": "provider[\"registry.terraform.io/hashicorp/google\"]",
      "instances": [
        {
          "index_key": "roles/artifactregistry.reader",
          "schema_version": 0,
          "attributes": {
            "condition": [],
            "etag": "BwZDdUjvheY=",
            "id": "neat-height-398213/roles/artifactregistry.reader/serviceAccount:sa-kong-ingest@neat-height-398213.iam.gserviceaccount.com",
            "member": "serviceAccount:sa-kong-ingest@neat-height-398213.iam.gserviceaccount.com",
            "project": "neat-height-398213",
            "role": "roles/artifactregistry.reader"
          },
          "sensitive_attributes": [],
          "private": "bnVsbA==",
          "dependencies": [
            "google_service_account.sa_ingest"
          ]
        },
        {
          "index_key": "roles/cloudsql.client",
          "schema_version": 0,
          "attributes": {
            "condition": [],
            "etag": "BwZDdUjvheY=",
            "id": "neat-height-398213/roles/cloudsql.client/serviceAccount:sa-kong-ingest@neat-height-398213.iam.gserviceaccount.com",
            "member": "serviceAccount:sa-kong-ingest@neat-height-398213.iam.gserviceaccount.com",
            "project": "neat-height-398213",
            "role": "roles/cloudsql.client"
          },
          "sensitive_attributes": [],
          "private": "bnVsbA==",
          "dependencies": [
            "google_service_account.sa_ingest"
          ]
        },
        {
          "index_key": "roles/secretmanager.secretAccessor",
          "schema_version": 0,
          "attributes": {
            "condition": [],
            "etag": "BwZDdUjvheY=",
            "id": "neat-height-398213/roles/secretmanager.secretAccessor/serviceAccount:sa-kong-ingest@neat-height-398213.iam.gserviceaccount.com",
            "member": "serviceAccount:sa-kong-ingest@neat-height-398213.iam.gserviceaccount.com",
            "project": "neat-height-398213",
            "role": "roles/secretmanager.secretAccessor"
          },
          "sensitive_attributes": [],
          "private": "bnVsbA==",
          "dependencies": [
            "google_service_account.sa_ingest"
          ]
        },
        {
          "index_key": "roles/vpcaccess.user",
          "schema_version": 0,
          "attributes": {
            "condition": [],
            "etag": "BwZDdUjvheY=",
            "id": "neat-height-398213/roles/vpcaccess.user/serviceAccount:sa-kong-ingest@neat-height-398213.iam.gserviceaccount.com",
            "member": "serviceAccount:sa-kong-ingest@neat-height-398213.iam.gserviceaccount.com",
            "project": "neat-height-398213",
            "role": "roles/vpcaccess.user"
          },
          "sensitive_attributes": [],
          "private": "bnVsbA==",
          "dependencies": [
            "google_service_account.sa_ingest"
          ]
        }
      ]
    },
    {
      "mode": "managed",
      "type": "google_project_iam_member",
      "name": "sa_jobs_roles",
      "provider": "provider[\"registry.terraform.io/hashicorp/google\"]",
      "instances": [
        {
          "index_key": "roles/artifactregistry.reader",
          "schema_version": 0,
          "attributes": {
            "condition": [],
            "etag": "BwZDdUjvheY=",
            "id": "neat-height-398213/roles/artifactregistry.reader/serviceAccount:sa-kong-jobs@neat-height-398213.iam.gserviceaccount.com",
            "member": "serviceAccount:sa-kong-jobs@neat-height-398213.iam.gserviceaccount.com",
            "project": "neat-height-398213",
            "role": "roles/artifactregistry.reader"
          },
          "sensitive_attributes": [],
          "private": "bnVsbA==",
          "dependencies": [
            "google_service_account.sa_jobs"
          ]
        },
        {
          "index_key": "roles/cloudsql.client",
          "schema_version": 0,
          "attributes": {
            "condition": [],
            "etag": "BwZDdUjvheY=",
            "id": "neat-height-398213/roles/cloudsql.client/serviceAccount:sa-kong-jobs@neat-height-398213.iam.gserviceaccount.com",
            "member": "serviceAccount:sa-kong-jobs@neat-height-398213.iam.gserviceaccount.com",
            "project": "neat-height-398213",
            "role": "roles/cloudsql.client"
          },
          "sensitive_attributes": [],
          "private": "bnVsbA==",
          "dependencies": [
            "google_service_account.sa_jobs"
          ]
        },
        {
          "index_key": "roles/secretmanager.secretAccessor",
          "schema_version": 0,
          "attributes": {
            "condition": [],
            "etag": "BwZDdUjvheY=",
            "id": "neat-height-398213/roles/secretmanager.secretAccessor/serviceAccount:sa-kong-jobs@neat-height-398213.iam.gserviceaccount.com",
            "member": "serviceAccount:sa-kong-jobs@neat-height-398213.iam.gserviceaccount.com",
            "project": "neat-height-398213",
            "role": "roles/secretmanager.secretAccessor"
          },
          "sensitive_attributes": [],
          "private": "bnVsbA==",
          "dependencies": [
            "google_service_account.sa_jobs"
          ]
        },
        {
          "index_key": "roles/vpcaccess.user",
          "schema_version": 0,
          "attributes": {
            "condition": [],
            "etag": "BwZDdUjvheY=",
            "id": "neat-height-398213/roles/vpcaccess.user/serviceAccount:sa-kong-jobs@neat-height-398213.iam.gserviceaccount.com",
            "member": "serviceAccount:sa-kong-jobs@neat-height-398213.iam.gserviceaccount.com",
            "project": "neat-height-398213",
            "role": "roles/vpcaccess.user"
          },
          "sensitive_attributes": [],
          "private": "bnVsbA==",
          "dependencies": [
            "google_service_account.sa_jobs"
          ]
        }
      ]
    },
    {
      "mode": "managed",
      "type": "google_project_iam_member",
      "name": "sa_metrics_view",
      "provider": "provider[\"registry.terraform.io/hashicorp/google\"]",
      "instances": [
        {
          "schema_version": 0,
          "attributes": {
            "condition": [],
            "etag": "BwZDdUjvheY=",
            "id": "neat-height-398213/roles/monitoring.viewer/serviceAccount:sa-kong-ingest@neat-height-398213.iam.gserviceaccount.com",
            "member": "serviceAccount:sa-kong-ingest@neat-height-398213.iam.gserviceaccount.com",
            "project": "neat-height-398213",
            "role": "roles/monitoring.viewer"
          },
          "sensitive_attributes": [],
          "private": "bnVsbA==",
          "dependencies": [
            "google_service_account.sa_ingest"
          ]
        }
      ]
    },
    {
      "mode": "managed",
      "type": "google_project_iam_member",
      "name": "sa_web_roles",
      "provider": "provider[\"registry.terraform.io/hashicorp/google\"]",
      "instances": [
        {
          "index_key": "roles/artifactregistry.reader",
          "schema_version": 0,
          "attributes": {
            "condition": [],
            "etag": "BwZDdUjvheY=",
            "id": "neat-height-398213/roles/artifactregistry.reader/serviceAccount:sa-kong-web@neat-height-398213.iam.gserviceaccount.com",
            "member": "serviceAccount:sa-kong-web@neat-height-398213.iam.gserviceaccount.com",
            "project": "neat-height-398213",
            "role": "roles/artifactregistry.reader"
          },
          "sensitive_attributes": [],
          "private": "bnVsbA==",
          "dependencies": [
            "google_service_account.sa_web"
          ]
        },
        {
          "index_key": "roles/cloudsql.client",
          "schema_version": 0,
          "attributes": {
            "condition": [],
            "etag": "BwZDdUjvheY=",
            "id": "neat-height-398213/roles/cloudsql.client/serviceAccount:sa-kong-web@neat-height-398213.iam.gserviceaccount.com",
            "member": "serviceAccount:sa-kong-web@neat-height-398213.iam.gserviceaccount.com",
            "project": "neat-height-398213",
            "role": "roles/cloudsql.client"
          },
          "sensitive_attributes": [],
          "private": "bnVsbA==",
          "dependencies": [
            "google_service_account.sa_web"
          ]
        },
        {
          "index_key": "roles/secretmanager.secretAccessor",
          "schema_version": 0,
          "attributes": {
            "condition": [],
            "etag": "BwZDdUjvheY=",
            "id": "neat-height-398213/roles/secretmanager.secretAccessor/serviceAccount:sa-kong-web@neat-height-398213.iam.gserviceaccount.com",
            "member": "serviceAccount:sa-kong-web@neat-height-398213.iam.gserviceaccount.com",
            "project": "neat-height-398213",
            "role": "roles/secretmanager.secretAccessor"
          },
          "sensitive_attributes": [],
          "private": "bnVsbA==",
          "dependencies": [
            "google_service_account.sa_web"
          ]
        },
        {
          "index_key": "roles/vpcaccess.user",
          "schema_version": 0,
          "attributes": {
            "condition": [],
            "etag": "BwZDdUjvheY=",
            "id": "neat-height-398213/roles/vpcaccess.user/serviceAccount:sa-kong-web@neat-height-398213.iam.gserviceaccount.com",
            "member": "serviceAccount:sa-kong-web@neat-height-398213.iam.gserviceaccount.com",
            "project": "neat-height-398213",
            "role": "roles/vpcaccess.user"
          },
          "sensitive_attributes": [],
          "private": "bnVsbA==",
          "dependencies": [
            "google_service_account.sa_web"
          ]
        }
      ]
    },
    {
      "mode": "managed",
      "type": "google_project_service",
      "name": "required",
      "provider": "provider[\"registry.terraform.io/hashicorp/google\"]",
      "instances": [
        {
          "index_key": "artifactregistry.googleapis.com",
          "schema_version": 0,
          "attributes": {
            "disable_dependent_services": null,
            "disable_on_destroy": false,
            "id": "neat-height-398213/artifactregistry.googleapis.com",
            "project": "neat-height-398213",
            "service": "artifactregistry.googleapis.com",
            "timeouts": null
          },
          "sensitive_attributes": [],
          "private": "eyJlMmJmYjczMC1lY2FhLTExZTYtOGY4OC0zNDM2M2JjN2M0YzAiOnsiY3JlYXRlIjoxMjAwMDAwMDAwMDAwLCJkZWxldGUiOjEyMDAwMDAwMDAwMDAsInJlYWQiOjYwMDAwMDAwMDAwMCwidXBkYXRlIjoxMjAwMDAwMDAwMDAwfX0="
        },
        {
          "index_key": "compute.googleapis.com",
          "schema_version": 0,
          "attributes": {
            "disable_dependent_services": null,
            "disable_on_destroy": false,
            "id": "neat-height-398213/compute.googleapis.com",
            "project": "neat-height-398213",
            "service": "compute.googleapis.com",
            "timeouts": null
          },
          "sensitive_attributes": [],
          "private": "eyJlMmJmYjczMC1lY2FhLTExZTYtOGY4OC0zNDM2M2JjN2M0YzAiOnsiY3JlYXRlIjoxMjAwMDAwMDAwMDAwLCJkZWxldGUiOjEyMDAwMDAwMDAwMDAsInJlYWQiOjYwMDAwMDAwMDAwMCwidXBkYXRlIjoxMjAwMDAwMDAwMDAwfX0="
        },
        {
          "index_key": "iam.googleapis.com",
          "schema_version": 0,
          "attributes": {
            "disable_dependent_services": null,
            "disable_on_destroy": false,
            "id": "neat-height-398213/iam.googleapis.com",
            "project": "neat-height-398213",
            "service": "iam.googleapis.com",
            "timeouts": null
          },
          "sensitive_attributes": [],
          "private": "eyJlMmJmYjczMC1lY2FhLTExZTYtOGY4OC0zNDM2M2JjN2M0YzAiOnsiY3JlYXRlIjoxMjAwMDAwMDAwMDAwLCJkZWxldGUiOjEyMDAwMDAwMDAwMDAsInJlYWQiOjYwMDAwMDAwMDAwMCwidXBkYXRlIjoxMjAwMDAwMDAwMDAwfX0="
        },
        {
          "index_key": "redis.googleapis.com",
          "schema_version": 0,
          "attributes": {
            "disable_dependent_services": null,
            "disable_on_destroy": false,
            "id": "neat-height-398213/redis.googleapis.com",
            "project": "neat-height-398213",
            "service": "redis.googleapis.com",
            "timeouts": null
          },
          "sensitive_attributes": [],
          "private": "eyJlMmJmYjczMC1lY2FhLTExZTYtOGY4OC0zNDM2M2JjN2M0YzAiOnsiY3JlYXRlIjoxMjAwMDAwMDAwMDAwLCJkZWxldGUiOjEyMDAwMDAwMDAwMDAsInJlYWQiOjYwMDAwMDAwMDAwMCwidXBkYXRlIjoxMjAwMDAwMDAwMDAwfX0="
        },
        {
          "index_key": "run.googleapis.com",
          "schema_version": 0,
          "attributes": {
            "disable_dependent_services": null,
            "disable_on_destroy": false,
            "id": "neat-height-398213/run.googleapis.com",
            "project": "neat-height-398213",
            "service": "run.googleapis.com",
            "timeouts": null
          },
          "sensitive_attributes": [],
          "private": "eyJlMmJmYjczMC1lY2FhLTExZTYtOGY4OC0zNDM2M2JjN2M0YzAiOnsiY3JlYXRlIjoxMjAwMDAwMDAwMDAwLCJkZWxldGUiOjEyMDAwMDAwMDAwMDAsInJlYWQiOjYwMDAwMDAwMDAwMCwidXBkYXRlIjoxMjAwMDAwMDAwMDAwfX0="
        },
        {
          "index_key": "vpcaccess.googleapis.com",
          "schema_version": 0,
          "attributes": {
            "disable_dependent_services": null,
            "disable_on_destroy": false,
            "id": "neat-height-398213/vpcaccess.googleapis.com",
            "project": "neat-height-398213",
            "service": "vpcaccess.googleapis.com",
            "timeouts": null
          },
          "sensitive_attributes": [],
          "private": "eyJlMmJmYjczMC1lY2FhLTExZTYtOGY4OC0zNDM2M2JjN2M0YzAiOnsiY3JlYXRlIjoxMjAwMDAwMDAwMDAwLCJkZWxldGUiOjEyMDAwMDAwMDAwMDAsInJlYWQiOjYwMDAwMDAwMDAwMCwidXBkYXRlIjoxMjAwMDAwMDAwMDAwfX0="
        }
      ]
    },
    {
      "mode": "managed",
      "type": "google_redis_instance",
      "name": "redis",
      "provider": "provider[\"registry.terraform.io/hashicorp/google\"]",
      "instances": [
        {
          "schema_version": 0,
          "attributes": {
            "alternative_location_id": "asia-northeast1-c",
            "auth_enabled": false,
            "auth_string": "",
            "authorized_network": "projects/neat-height-398213/global/networks/vpc-kong",
            "connect_mode": "DIRECT_PEERING",
            "create_time": "2025-11-13T06:41:00.623292180Z",
            "current_location_id": "asia-northeast1-a",
            "customer_managed_key": "",
            "display_name": "",
            "effective_labels": {},
            "host": "10.225.209.20",
            "id": "projects/neat-height-398213/locations/asia-northeast1/instances/redis-kong",
            "labels": {},
            "location_id": "asia-northeast1-a",
            "maintenance_policy": [],
            "maintenance_schedule": [],
            "maintenance_version": "20250806_01_00",
            "memory_size_gb": 5,
            "name": "redis-kong",
            "nodes": [
              {
                "id": "node-0",
                "zone": "asia-northeast1-a"
              },
              {
                "id": "node-1",
                "zone": "asia-northeast1-c"
              }
            ],
            "persistence_config": [
              {
                "persistence_mode": "DISABLED",
                "rdb_next_snapshot_time": "",
                "rdb_snapshot_period": "",
                "rdb_snapshot_start_time": ""
              }
            ],
            "persistence_iam_identity": "serviceAccount:service-766172692933@cloud-redis.iam.gserviceaccount.com",
            "port": 6379,
            "project": "neat-height-398213",
            "read_endpoint": "",
            "read_endpoint_port": 0,
            "read_replicas_mode": "READ_REPLICAS_DISABLED",
            "redis_configs": {},
            "redis_version": "REDIS_7_0",
            "region": "asia-northeast1",
            "replica_count": 1,
            "reserved_ip_range": null,
            "secondary_ip_range": "",
            "server_ca_certs": [],
            "terraform_labels": {},
            "tier": "STANDARD_HA",
            "timeouts": null,
            "transit_encryption_mode": "DISABLED"
          },
          "sensitive_attributes": [],
          "private": "eyJlMmJmYjczMC1lY2FhLTExZTYtOGY4OC0zNDM2M2JjN2M0YzAiOnsiY3JlYXRlIjoxMjAwMDAwMDAwMDAwLCJkZWxldGUiOjEyMDAwMDAwMDAwMDAsInVwZGF0ZSI6MTIwMDAwMDAwMDAwMH19",
          "dependencies": [
            "google_compute_network.vpc",
            "google_project_service.required"
          ]
        }
      ]
    },
    {
      "mode": "managed",
      "type": "google_service_account",
      "name": "sa_ci",
      "provider": "provider[\"registry.terraform.io/hashicorp/google\"]",
      "instances": [
        {
          "schema_version": 0,
          "attributes": {
            "account_id": "sa-kong-ci",
            "create_ignore_already_exists": null,
            "description": "",
            "disabled": false,
            "display_name": "Kong CI/CD via GitHub Actions",
            "email": "sa-kong-ci@neat-height-398213.iam.gserviceaccount.com",
            "id": "projects/neat-height-398213/serviceAccounts/sa-kong-ci@neat-height-398213.iam.gserviceaccount.com",
            "member": "serviceAccount:sa-kong-ci@neat-height-398213.iam.gserviceaccount.com",
            "name": "projects/neat-height-398213/serviceAccounts/sa-kong-ci@neat-height-398213.iam.gserviceaccount.com",
            "project": "neat-height-398213",
            "timeouts": null,
            "unique_id": "113375585538592268230"
          },
          "sensitive_attributes": [],
          "private": "eyJlMmJmYjczMC1lY2FhLTExZTYtOGY4OC0zNDM2M2JjN2M0YzAiOnsiY3JlYXRlIjozMDAwMDAwMDAwMDB9fQ=="
        }
      ]
    },
    {
      "mode": "managed",
      "type": "google_service_account",
      "name": "sa_ingest",
      "provider": "provider[\"registry.terraform.io/hashicorp/google\"]",
      "instances": [
        {
          "schema_version": 0,
          "attributes": {
            "account_id": "sa-kong-ingest",
            "create_ignore_already_exists": null,
            "description": "",
            "disabled": false,
            "display_name": "Kong Ingest (BullMQ worker) runtime",
            "email": "sa-kong-ingest@neat-height-398213.iam.gserviceaccount.com",
            "id": "projects/neat-height-398213/serviceAccounts/sa-kong-ingest@neat-height-398213.iam.gserviceaccount.com",
            "member": "serviceAccount:sa-kong-ingest@neat-height-398213.iam.gserviceaccount.com",
            "name": "projects/neat-height-398213/serviceAccounts/sa-kong-ingest@neat-height-398213.iam.gserviceaccount.com",
            "project": "neat-height-398213",
            "timeouts": null,
            "unique_id": "104135097428158352148"
          },
          "sensitive_attributes": [],
          "private": "eyJlMmJmYjczMC1lY2FhLTExZTYtOGY4OC0zNDM2M2JjN2M0YzAiOnsiY3JlYXRlIjozMDAwMDAwMDAwMDB9fQ=="
        }
      ]
    },
    {
      "mode": "managed",
      "type": "google_service_account",
      "name": "sa_jobs",
      "provider": "provider[\"registry.terraform.io/hashicorp/google\"]",
      "instances": [
        {
          "schema_version": 0,
          "attributes": {
            "account_id": "sa-kong-jobs",
            "create_ignore_already_exists": null,
            "description": "",
            "disabled": false,
            "display_name": "Kong Jobs (db-migrate/admin) runtime",
            "email": "sa-kong-jobs@neat-height-398213.iam.gserviceaccount.com",
            "id": "projects/neat-height-398213/serviceAccounts/sa-kong-jobs@neat-height-398213.iam.gserviceaccount.com",
            "member": "serviceAccount:sa-kong-jobs@neat-height-398213.iam.gserviceaccount.com",
            "name": "projects/neat-height-398213/serviceAccounts/sa-kong-jobs@neat-height-398213.iam.gserviceaccount.com",
            "project": "neat-height-398213",
            "timeouts": null,
            "unique_id": "113496489937224786807"
          },
          "sensitive_attributes": [],
          "private": "eyJlMmJmYjczMC1lY2FhLTExZTYtOGY4OC0zNDM2M2JjN2M0YzAiOnsiY3JlYXRlIjozMDAwMDAwMDAwMDB9fQ=="
        }
      ]
    },
    {
      "mode": "managed",
      "type": "google_service_account",
      "name": "sa_web",
      "provider": "provider[\"registry.terraform.io/hashicorp/google\"]",
      "instances": [
        {
          "schema_version": 0,
          "attributes": {
            "account_id": "sa-kong-web",
            "create_ignore_already_exists": null,
            "description": "",
            "disabled": false,
            "display_name": "Kong Web (Next.js/GraphQL) runtime",
            "email": "sa-kong-web@neat-height-398213.iam.gserviceaccount.com",
            "id": "projects/neat-height-398213/serviceAccounts/sa-kong-web@neat-height-398213.iam.gserviceaccount.com",
            "member": "serviceAccount:sa-kong-web@neat-height-398213.iam.gserviceaccount.com",
            "name": "projects/neat-height-398213/serviceAccounts/sa-kong-web@neat-height-398213.iam.gserviceaccount.com",
            "project": "neat-height-398213",
            "timeouts": null,
            "unique_id": "117508315456215549348"
          },
          "sensitive_attributes": [],
          "private": "eyJlMmJmYjczMC1lY2FhLTExZTYtOGY4OC0zNDM2M2JjN2M0YzAiOnsiY3JlYXRlIjozMDAwMDAwMDAwMDB9fQ=="
        }
      ]
    },
    {
      "mode": "managed",
      "type": "google_service_account_iam_member",
      "name": "wif_impersonation",
      "provider": "provider[\"registry.terraform.io/hashicorp/google\"]",
      "instances": [
        {
          "schema_version": 0,
          "attributes": {
            "condition": [],
            "etag": "BwZDdS1RrhI=",
            "id": "projects/neat-height-398213/serviceAccounts/sa-kong-ci@neat-height-398213.iam.gserviceaccount.com/roles/iam.workloadIdentityUser/principalSet://iam.googleapis.com/projects/766172692933/locations/global/workloadIdentityPools/gh-pool/attribute.repository/Secured-Finance/kong",
            "member": "principalSet://iam.googleapis.com/projects/766172692933/locations/global/workloadIdentityPools/gh-pool/attribute.repository/Secured-Finance/kong",
            "role": "roles/iam.workloadIdentityUser",
            "service_account_id": "projects/neat-height-398213/serviceAccounts/sa-kong-ci@neat-height-398213.iam.gserviceaccount.com"
          },
          "sensitive_attributes": [],
          "private": "bnVsbA==",
          "dependencies": [
            "google_iam_workload_identity_pool.pool",
            "google_service_account.sa_ci"
          ]
        }
      ]
    },
    {
      "mode": "managed",
      "type": "google_vpc_access_connector",
      "name": "serverless_connector",
      "provider": "provider[\"registry.terraform.io/hashicorp/google\"]",
      "instances": [
        {
          "schema_version": 0,
          "attributes": {
            "connected_projects": [
              "neat-height-398213"
            ],
            "id": "projects/neat-height-398213/locations/asia-northeast1/connectors/svc-connector-kong",
            "ip_cidr_range": "10.8.0.0/28",
            "machine_type": "e2-micro",
            "max_instances": 3,
            "max_throughput": 300,
            "min_instances": 2,
            "min_throughput": 200,
            "name": "svc-connector-kong",
            "network": "vpc-kong",
            "project": "neat-height-398213",
            "region": "asia-northeast1",
            "self_link": "projects/neat-height-398213/locations/asia-northeast1/connectors/svc-connector-kong",
            "state": "READY",
            "subnet": [],
            "timeouts": null
          },
          "sensitive_attributes": [],
          "private": "eyJlMmJmYjczMC1lY2FhLTExZTYtOGY4OC0zNDM2M2JjN2M0YzAiOnsiY3JlYXRlIjoxMjAwMDAwMDAwMDAwLCJkZWxldGUiOjEyMDAwMDAwMDAwMDB9fQ==",
          "dependencies": [
            "google_compute_network.vpc",
            "google_project_service.required"
          ]
        }
      ]
    },
    {
      "mode": "managed",
      "type": "random_id",
      "name": "suffix",
      "provider": "provider[\"registry.terraform.io/hashicorp/random\"]",
      "instances": [
        {
          "schema_version": 0,
          "attributes": {
            "b64_std": "4nA=",
            "b64_url": "4nA",
            "byte_length": 2,
            "dec": "57968",
            "hex": "e270",
            "id": "4nA",
            "keepers": null,
            "prefix": null
          },
          "sensitive_attributes": []
        }
      ]
    }
  ],
  "check_results": null
}
